# This file is automatically @generated by Poetry 1.5.1 and should not be changed by hand.

[[package]]
name = "aiojobs"
version = "1.3.0"
description = "Job scheduler for managing background tasks (asyncio)"
optional = false
python-versions = ">=3.8"
files = [
    {file = "aiojobs-1.3.0-py3-none-any.whl", hash = "sha256:1f9f36179b6d50796c4fc9e8851fdae10f38d6c2f64412a91e2c4eff73054ce0"},
    {file = "aiojobs-1.3.0.tar.gz", hash = "sha256:03074c884b3dc388b8d798c0de24ec17d72b2799018497fda8062c0431a494b5"},
]

[package.extras]
aiohttp = ["aiohttp (>=3.9.0)"]

[[package]]
name = "names"
version = "0.3.0"
description = "Generate random names"
optional = false
python-versions = "*"
files = [
    {file = "names-0.3.0.tar.gz", hash = "sha256:726e46254f2ed03f1ffb5d941dae3bc67c35123941c29becd02d48d0caa2a671"},
]

[[package]]
name = "ujson"
version = "5.10.0"
description = "Ultra fast JSON encoder and decoder for Python"
optional = false
python-versions = ">=3.8"
files = [
    {file = "ujson-5.10.0-cp310-cp310-macosx_10_9_x86_64.whl", hash = "sha256:2601aa9ecdbee1118a1c2065323bda35e2c5a2cf0797ef4522d485f9d3ef65bd"},
    {file = "ujson-5.10.0-cp310-cp310-macosx_11_0_arm64.whl", hash = "sha256:348898dd702fc1c4f1051bc3aacbf894caa0927fe2c53e68679c073375f732cf"},
    {file = "ujson-5.10.0-cp310-cp310-manylinux_2_17_aarch64.manylinux2014_aarch64.whl", hash = "sha256:22cffecf73391e8abd65ef5f4e4dd523162a3399d5e84faa6aebbf9583df86d6"},
    {file = "ujson-5.10.0-cp310-cp310-manylinux_2_17_x86_64.manylinux2014_x86_64.whl", hash = "sha256:26b0e2d2366543c1bb4fbd457446f00b0187a2bddf93148ac2da07a53fe51569"},
    {file = "ujson-5.10.0-cp310-cp310-manylinux_2_5_i686.manylinux1_i686.manylinux_2_17_i686.manylinux2014_i686.whl", hash = "sha256:caf270c6dba1be7a41125cd1e4fc7ba384bf564650beef0df2dd21a00b7f5770"},
    {file = "ujson-5.10.0-cp310-cp310-musllinux_1_2_aarch64.whl", hash = "sha256:a245d59f2ffe750446292b0094244df163c3dc96b3ce152a2c837a44e7cda9d1"},
    {file = "ujson-5.10.0-cp310-cp310-musllinux_1_2_i686.whl", hash = "sha256:94a87f6e151c5f483d7d54ceef83b45d3a9cca7a9cb453dbdbb3f5a6f64033f5"},
    {file = "ujson-5.10.0-cp310-cp310-musllinux_1_2_x86_64.whl", hash = "sha256:29b443c4c0a113bcbb792c88bea67b675c7ca3ca80c3474784e08bba01c18d51"},
    {file = "ujson-5.10.0-cp310-cp310-win32.whl", hash = "sha256:c18610b9ccd2874950faf474692deee4223a994251bc0a083c114671b64e6518"},
    {file = "ujson-5.10.0-cp310-cp310-win_amd64.whl", hash = "sha256:924f7318c31874d6bb44d9ee1900167ca32aa9b69389b98ecbde34c1698a250f"},
    {file = "ujson-5.10.0-cp311-cp311-macosx_10_9_x86_64.whl", hash = "sha256:a5b366812c90e69d0f379a53648be10a5db38f9d4ad212b60af00bd4048d0f00"},
    {file = "ujson-5.10.0-cp311-cp311-macosx_11_0_arm64.whl", hash = "sha256:502bf475781e8167f0f9d0e41cd32879d120a524b22358e7f205294224c71126"},
    {file = "ujson-5.10.0-cp311-cp311-manylinux_2_17_aarch64.manylinux2014_aarch64.whl", hash = "sha256:5b91b5d0d9d283e085e821651184a647699430705b15bf274c7896f23fe9c9d8"},
    {file = "ujson-5.10.0-cp311-cp311-manylinux_2_17_x86_64.manylinux2014_x86_64.whl", hash = "sha256:129e39af3a6d85b9c26d5577169c21d53821d8cf68e079060602e861c6e5da1b"},
    {file = "ujson-5.10.0-cp311-cp311-manylinux_2_5_i686.manylinux1_i686.manylinux_2_17_i686.manylinux2014_i686.whl", hash = "sha256:f77b74475c462cb8b88680471193064d3e715c7c6074b1c8c412cb526466efe9"},
    {file = "ujson-5.10.0-cp311-cp311-musllinux_1_2_aarch64.whl", hash = "sha256:7ec0ca8c415e81aa4123501fee7f761abf4b7f386aad348501a26940beb1860f"},
    {file = "ujson-5.10.0-cp311-cp311-musllinux_1_2_i686.whl", hash = "sha256:ab13a2a9e0b2865a6c6db9271f4b46af1c7476bfd51af1f64585e919b7c07fd4"},
    {file = "ujson-5.10.0-cp311-cp311-musllinux_1_2_x86_64.whl", hash = "sha256:57aaf98b92d72fc70886b5a0e1a1ca52c2320377360341715dd3933a18e827b1"},
    {file = "ujson-5.10.0-cp311-cp311-win32.whl", hash = "sha256:2987713a490ceb27edff77fb184ed09acdc565db700ee852823c3dc3cffe455f"},
    {file = "ujson-5.10.0-cp311-cp311-win_amd64.whl", hash = "sha256:f00ea7e00447918ee0eff2422c4add4c5752b1b60e88fcb3c067d4a21049a720"},
    {file = "ujson-5.10.0-cp312-cp312-macosx_10_9_x86_64.whl", hash = "sha256:98ba15d8cbc481ce55695beee9f063189dce91a4b08bc1d03e7f0152cd4bbdd5"},
    {file = "ujson-5.10.0-cp312-cp312-macosx_11_0_arm64.whl", hash = "sha256:a9d2edbf1556e4f56e50fab7d8ff993dbad7f54bac68eacdd27a8f55f433578e"},
    {file = "ujson-5.10.0-cp312-cp312-manylinux_2_17_aarch64.manylinux2014_aarch64.whl", hash = "sha256:6627029ae4f52d0e1a2451768c2c37c0c814ffc04f796eb36244cf16b8e57043"},
    {file = "ujson-5.10.0-cp312-cp312-manylinux_2_17_x86_64.manylinux2014_x86_64.whl", hash = "sha256:f8ccb77b3e40b151e20519c6ae6d89bfe3f4c14e8e210d910287f778368bb3d1"},
    {file = "ujson-5.10.0-cp312-cp312-manylinux_2_5_i686.manylinux1_i686.manylinux_2_17_i686.manylinux2014_i686.whl", hash = "sha256:f3caf9cd64abfeb11a3b661329085c5e167abbe15256b3b68cb5d914ba7396f3"},
    {file = "ujson-5.10.0-cp312-cp312-musllinux_1_2_aarch64.whl", hash = "sha256:6e32abdce572e3a8c3d02c886c704a38a1b015a1fb858004e03d20ca7cecbb21"},
    {file = "ujson-5.10.0-cp312-cp312-musllinux_1_2_i686.whl", hash = "sha256:a65b6af4d903103ee7b6f4f5b85f1bfd0c90ba4eeac6421aae436c9988aa64a2"},
    {file = "ujson-5.10.0-cp312-cp312-musllinux_1_2_x86_64.whl", hash = "sha256:604a046d966457b6cdcacc5aa2ec5314f0e8c42bae52842c1e6fa02ea4bda42e"},
    {file = "ujson-5.10.0-cp312-cp312-win32.whl", hash = "sha256:6dea1c8b4fc921bf78a8ff00bbd2bfe166345f5536c510671bccececb187c80e"},
    {file = "ujson-5.10.0-cp312-cp312-win_amd64.whl", hash = "sha256:38665e7d8290188b1e0d57d584eb8110951a9591363316dd41cf8686ab1d0abc"},
    {file = "ujson-5.10.0-cp313-cp313-macosx_10_9_x86_64.whl", hash = "sha256:618efd84dc1acbd6bff8eaa736bb6c074bfa8b8a98f55b61c38d4ca2c1f7f287"},
    {file = "ujson-5.10.0-cp313-cp313-macosx_11_0_arm64.whl", hash = "sha256:38d5d36b4aedfe81dfe251f76c0467399d575d1395a1755de391e58985ab1c2e"},
    {file = "ujson-5.10.0-cp313-cp313-manylinux_2_17_aarch64.manylinux2014_aarch64.whl", hash = "sha256:67079b1f9fb29ed9a2914acf4ef6c02844b3153913eb735d4bf287ee1db6e557"},
    {file = "ujson-5.10.0-cp313-cp313-manylinux_2_17_x86_64.manylinux2014_x86_64.whl", hash = "sha256:d7d0e0ceeb8fe2468c70ec0c37b439dd554e2aa539a8a56365fd761edb418988"},
    {file = "ujson-5.10.0-cp313-cp313-manylinux_2_5_i686.manylinux1_i686.manylinux_2_17_i686.manylinux2014_i686.whl", hash = "sha256:59e02cd37bc7c44d587a0ba45347cc815fb7a5fe48de16bf05caa5f7d0d2e816"},
    {file = "ujson-5.10.0-cp313-cp313-musllinux_1_2_aarch64.whl", hash = "sha256:2a890b706b64e0065f02577bf6d8ca3b66c11a5e81fb75d757233a38c07a1f20"},
    {file = "ujson-5.10.0-cp313-cp313-musllinux_1_2_i686.whl", hash = "sha256:621e34b4632c740ecb491efc7f1fcb4f74b48ddb55e65221995e74e2d00bbff0"},
    {file = "ujson-5.10.0-cp313-cp313-musllinux_1_2_x86_64.whl", hash = "sha256:b9500e61fce0cfc86168b248104e954fead61f9be213087153d272e817ec7b4f"},
    {file = "ujson-5.10.0-cp313-cp313-win32.whl", hash = "sha256:4c4fc16f11ac1612f05b6f5781b384716719547e142cfd67b65d035bd85af165"},
    {file = "ujson-5.10.0-cp313-cp313-win_amd64.whl", hash = "sha256:4573fd1695932d4f619928fd09d5d03d917274381649ade4328091ceca175539"},
    {file = "ujson-5.10.0-cp38-cp38-macosx_10_9_x86_64.whl", hash = "sha256:a984a3131da7f07563057db1c3020b1350a3e27a8ec46ccbfbf21e5928a43050"},
    {file = "ujson-5.10.0-cp38-cp38-macosx_11_0_arm64.whl", hash = "sha256:73814cd1b9db6fc3270e9d8fe3b19f9f89e78ee9d71e8bd6c9a626aeaeaf16bd"},
    {file = "ujson-5.10.0-cp38-cp38-manylinux_2_17_aarch64.manylinux2014_aarch64.whl", hash = "sha256:61e1591ed9376e5eddda202ec229eddc56c612b61ac6ad07f96b91460bb6c2fb"},
    {file = "ujson-5.10.0-cp38-cp38-manylinux_2_17_x86_64.manylinux2014_x86_64.whl", hash = "sha256:d2c75269f8205b2690db4572a4a36fe47cd1338e4368bc73a7a0e48789e2e35a"},
    {file = "ujson-5.10.0-cp38-cp38-manylinux_2_5_i686.manylinux1_i686.manylinux_2_17_i686.manylinux2014_i686.whl", hash = "sha256:7223f41e5bf1f919cd8d073e35b229295aa8e0f7b5de07ed1c8fddac63a6bc5d"},
    {file = "ujson-5.10.0-cp38-cp38-musllinux_1_2_aarch64.whl", hash = "sha256:d4dc2fd6b3067c0782e7002ac3b38cf48608ee6366ff176bbd02cf969c9c20fe"},
    {file = "ujson-5.10.0-cp38-cp38-musllinux_1_2_i686.whl", hash = "sha256:232cc85f8ee3c454c115455195a205074a56ff42608fd6b942aa4c378ac14dd7"},
    {file = "ujson-5.10.0-cp38-cp38-musllinux_1_2_x86_64.whl", hash = "sha256:cc6139531f13148055d691e442e4bc6601f6dba1e6d521b1585d4788ab0bfad4"},
    {file = "ujson-5.10.0-cp38-cp38-win32.whl", hash = "sha256:e7ce306a42b6b93ca47ac4a3b96683ca554f6d35dd8adc5acfcd55096c8dfcb8"},
    {file = "ujson-5.10.0-cp38-cp38-win_amd64.whl", hash = "sha256:e82d4bb2138ab05e18f089a83b6564fee28048771eb63cdecf4b9b549de8a2cc"},
    {file = "ujson-5.10.0-cp39-cp39-macosx_10_9_x86_64.whl", hash = "sha256:dfef2814c6b3291c3c5f10065f745a1307d86019dbd7ea50e83504950136ed5b"},
    {file = "ujson-5.10.0-cp39-cp39-macosx_11_0_arm64.whl", hash = "sha256:4734ee0745d5928d0ba3a213647f1c4a74a2a28edc6d27b2d6d5bd9fa4319e27"},
    {file = "ujson-5.10.0-cp39-cp39-manylinux_2_17_aarch64.manylinux2014_aarch64.whl", hash = "sha256:d47ebb01bd865fdea43da56254a3930a413f0c5590372a1241514abae8aa7c76"},
    {file = "ujson-5.10.0-cp39-cp39-manylinux_2_17_x86_64.manylinux2014_x86_64.whl", hash = "sha256:dee5e97c2496874acbf1d3e37b521dd1f307349ed955e62d1d2f05382bc36dd5"},
    {file = "ujson-5.10.0-cp39-cp39-manylinux_2_5_i686.manylinux1_i686.manylinux_2_17_i686.manylinux2014_i686.whl", hash = "sha256:7490655a2272a2d0b072ef16b0b58ee462f4973a8f6bbe64917ce5e0a256f9c0"},
    {file = "ujson-5.10.0-cp39-cp39-musllinux_1_2_aarch64.whl", hash = "sha256:ba17799fcddaddf5c1f75a4ba3fd6441f6a4f1e9173f8a786b42450851bd74f1"},
    {file = "ujson-5.10.0-cp39-cp39-musllinux_1_2_i686.whl", hash = "sha256:2aff2985cef314f21d0fecc56027505804bc78802c0121343874741650a4d3d1"},
    {file = "ujson-5.10.0-cp39-cp39-musllinux_1_2_x86_64.whl", hash = "sha256:ad88ac75c432674d05b61184178635d44901eb749786c8eb08c102330e6e8996"},
    {file = "ujson-5.10.0-cp39-cp39-win32.whl", hash = "sha256:2544912a71da4ff8c4f7ab5606f947d7299971bdd25a45e008e467ca638d13c9"},
    {file = "ujson-5.10.0-cp39-cp39-win_amd64.whl", hash = "sha256:3ff201d62b1b177a46f113bb43ad300b424b7847f9c5d38b1b4ad8f75d4a282a"},
    {file = "ujson-5.10.0-pp310-pypy310_pp73-macosx_10_9_x86_64.whl", hash = "sha256:5b6fee72fa77dc172a28f21693f64d93166534c263adb3f96c413ccc85ef6e64"},
    {file = "ujson-5.10.0-pp310-pypy310_pp73-macosx_11_0_arm64.whl", hash = "sha256:61d0af13a9af01d9f26d2331ce49bb5ac1fb9c814964018ac8df605b5422dcb3"},
    {file = "ujson-5.10.0-pp310-pypy310_pp73-manylinux_2_17_aarch64.manylinux2014_aarch64.whl", hash = "sha256:ecb24f0bdd899d368b715c9e6664166cf694d1e57be73f17759573a6986dd95a"},
    {file = "ujson-5.10.0-pp310-pypy310_pp73-manylinux_2_17_x86_64.manylinux2014_x86_64.whl", hash = "sha256:fbd8fd427f57a03cff3ad6574b5e299131585d9727c8c366da4624a9069ed746"},
    {file = "ujson-5.10.0-pp310-pypy310_pp73-manylinux_2_5_i686.manylinux1_i686.manylinux_2_17_i686.manylinux2014_i686.whl", hash = "sha256:beeaf1c48e32f07d8820c705ff8e645f8afa690cca1544adba4ebfa067efdc88"},
    {file = "ujson-5.10.0-pp310-pypy310_pp73-win_amd64.whl", hash = "sha256:baed37ea46d756aca2955e99525cc02d9181de67f25515c468856c38d52b5f3b"},
    {file = "ujson-5.10.0-pp38-pypy38_pp73-macosx_10_9_x86_64.whl", hash = "sha256:7663960f08cd5a2bb152f5ee3992e1af7690a64c0e26d31ba7b3ff5b2ee66337"},
    {file = "ujson-5.10.0-pp38-pypy38_pp73-macosx_11_0_arm64.whl", hash = "sha256:d8640fb4072d36b08e95a3a380ba65779d356b2fee8696afeb7794cf0902d0a1"},
    {file = "ujson-5.10.0-pp38-pypy38_pp73-manylinux_2_17_x86_64.manylinux2014_x86_64.whl", hash = "sha256:78778a3aa7aafb11e7ddca4e29f46bc5139131037ad628cc10936764282d6753"},
    {file = "ujson-5.10.0-pp38-pypy38_pp73-manylinux_2_5_i686.manylinux1_i686.manylinux_2_17_i686.manylinux2014_i686.whl", hash = "sha256:b0111b27f2d5c820e7f2dbad7d48e3338c824e7ac4d2a12da3dc6061cc39c8e6"},
    {file = "ujson-5.10.0-pp38-pypy38_pp73-win_amd64.whl", hash = "sha256:c66962ca7565605b355a9ed478292da628b8f18c0f2793021ca4425abf8b01e5"},
    {file = "ujson-5.10.0-pp39-pypy39_pp73-macosx_10_9_x86_64.whl", hash = "sha256:ba43cc34cce49cf2d4bc76401a754a81202d8aa926d0e2b79f0ee258cb15d3a4"},
    {file = "ujson-5.10.0-pp39-pypy39_pp73-macosx_11_0_arm64.whl", hash = "sha256:ac56eb983edce27e7f51d05bc8dd820586c6e6be1c5216a6809b0c668bb312b8"},
    {file = "ujson-5.10.0-pp39-pypy39_pp73-manylinux_2_17_aarch64.manylinux2014_aarch64.whl", hash = "sha256:f44bd4b23a0e723bf8b10628288c2c7c335161d6840013d4d5de20e48551773b"},
    {file = "ujson-5.10.0-pp39-pypy39_pp73-manylinux_2_17_x86_64.manylinux2014_x86_64.whl", hash = "sha256:7c10f4654e5326ec14a46bcdeb2b685d4ada6911050aa8baaf3501e57024b804"},
    {file = "ujson-5.10.0-pp39-pypy39_pp73-manylinux_2_5_i686.manylinux1_i686.manylinux_2_17_i686.manylinux2014_i686.whl", hash = "sha256:0de4971a89a762398006e844ae394bd46991f7c385d7a6a3b93ba229e6dac17e"},
    {file = "ujson-5.10.0-pp39-pypy39_pp73-win_amd64.whl", hash = "sha256:e1402f0564a97d2a52310ae10a64d25bcef94f8dd643fcf5d310219d915484f7"},
    {file = "ujson-5.10.0.tar.gz", hash = "sha256:b3cd8f3c5d8c7738257f1018880444f7b7d9b66232c64649f562d7ba86ad4bc1"},
]

[[package]]
name = "uvloop"
version = "0.20.0"
description = "Fast implementation of asyncio event loop on top of libuv"
optional = false
python-versions = ">=3.8.0"
files = [
    {file = "uvloop-0.20.0-cp310-cp310-macosx_10_9_universal2.whl", hash = "sha256:9ebafa0b96c62881d5cafa02d9da2e44c23f9f0cd829f3a32a6aff771449c996"},
    {file = "uvloop-0.20.0-cp310-cp310-macosx_10_9_x86_64.whl", hash = "sha256:35968fc697b0527a06e134999eef859b4034b37aebca537daeb598b9d45a137b"},
    {file = "uvloop-0.20.0-cp310-cp310-manylinux_2_17_aarch64.manylinux2014_aarch64.whl", hash = "sha256:b16696f10e59d7580979b420eedf6650010a4a9c3bd8113f24a103dfdb770b10"},
    {file = "uvloop-0.20.0-cp310-cp310-manylinux_2_17_x86_64.manylinux2014_x86_64.whl", hash = "sha256:9b04d96188d365151d1af41fa2d23257b674e7ead68cfd61c725a422764062ae"},
    {file = "uvloop-0.20.0-cp310-cp310-musllinux_1_1_aarch64.whl", hash = "sha256:94707205efbe809dfa3a0d09c08bef1352f5d3d6612a506f10a319933757c006"},
    {file = "uvloop-0.20.0-cp310-cp310-musllinux_1_1_x86_64.whl", hash = "sha256:89e8d33bb88d7263f74dc57d69f0063e06b5a5ce50bb9a6b32f5fcbe655f9e73"},
    {file = "uvloop-0.20.0-cp311-cp311-macosx_10_9_universal2.whl", hash = "sha256:e50289c101495e0d1bb0bfcb4a60adde56e32f4449a67216a1ab2750aa84f037"},
    {file = "uvloop-0.20.0-cp311-cp311-macosx_10_9_x86_64.whl", hash = "sha256:e237f9c1e8a00e7d9ddaa288e535dc337a39bcbf679f290aee9d26df9e72bce9"},
    {file = "uvloop-0.20.0-cp311-cp311-manylinux_2_17_aarch64.manylinux2014_aarch64.whl", hash = "sha256:746242cd703dc2b37f9d8b9f173749c15e9a918ddb021575a0205ec29a38d31e"},
    {file = "uvloop-0.20.0-cp311-cp311-manylinux_2_17_x86_64.manylinux2014_x86_64.whl", hash = "sha256:82edbfd3df39fb3d108fc079ebc461330f7c2e33dbd002d146bf7c445ba6e756"},
    {file = "uvloop-0.20.0-cp311-cp311-musllinux_1_1_aarch64.whl", hash = "sha256:80dc1b139516be2077b3e57ce1cb65bfed09149e1d175e0478e7a987863b68f0"},
    {file = "uvloop-0.20.0-cp311-cp311-musllinux_1_1_x86_64.whl", hash = "sha256:4f44af67bf39af25db4c1ac27e82e9665717f9c26af2369c404be865c8818dcf"},
    {file = "uvloop-0.20.0-cp312-cp312-macosx_10_9_universal2.whl", hash = "sha256:4b75f2950ddb6feed85336412b9a0c310a2edbcf4cf931aa5cfe29034829676d"},
    {file = "uvloop-0.20.0-cp312-cp312-macosx_10_9_x86_64.whl", hash = "sha256:77fbc69c287596880ecec2d4c7a62346bef08b6209749bf6ce8c22bbaca0239e"},
    {file = "uvloop-0.20.0-cp312-cp312-manylinux_2_17_aarch64.manylinux2014_aarch64.whl", hash = "sha256:6462c95f48e2d8d4c993a2950cd3d31ab061864d1c226bbf0ee2f1a8f36674b9"},
    {file = "uvloop-0.20.0-cp312-cp312-manylinux_2_17_x86_64.manylinux2014_x86_64.whl", hash = "sha256:649c33034979273fa71aa25d0fe120ad1777c551d8c4cd2c0c9851d88fcb13ab"},
    {file = "uvloop-0.20.0-cp312-cp312-musllinux_1_1_aarch64.whl", hash = "sha256:3a609780e942d43a275a617c0839d85f95c334bad29c4c0918252085113285b5"},
    {file = "uvloop-0.20.0-cp312-cp312-musllinux_1_1_x86_64.whl", hash = "sha256:aea15c78e0d9ad6555ed201344ae36db5c63d428818b4b2a42842b3870127c00"},
    {file = "uvloop-0.20.0-cp38-cp38-macosx_10_9_universal2.whl", hash = "sha256:f0e94b221295b5e69de57a1bd4aeb0b3a29f61be6e1b478bb8a69a73377db7ba"},
    {file = "uvloop-0.20.0-cp38-cp38-macosx_10_9_x86_64.whl", hash = "sha256:fee6044b64c965c425b65a4e17719953b96e065c5b7e09b599ff332bb2744bdf"},
    {file = "uvloop-0.20.0-cp38-cp38-manylinux_2_17_aarch64.manylinux2014_aarch64.whl", hash = "sha256:265a99a2ff41a0fd56c19c3838b29bf54d1d177964c300dad388b27e84fd7847"},
    {file = "uvloop-0.20.0-cp38-cp38-manylinux_2_17_x86_64.manylinux2014_x86_64.whl", hash = "sha256:b10c2956efcecb981bf9cfb8184d27d5d64b9033f917115a960b83f11bfa0d6b"},
    {file = "uvloop-0.20.0-cp38-cp38-musllinux_1_1_aarch64.whl", hash = "sha256:e7d61fe8e8d9335fac1bf8d5d82820b4808dd7a43020c149b63a1ada953d48a6"},
    {file = "uvloop-0.20.0-cp38-cp38-musllinux_1_1_x86_64.whl", hash = "sha256:2beee18efd33fa6fdb0976e18475a4042cd31c7433c866e8a09ab604c7c22ff2"},
    {file = "uvloop-0.20.0-cp39-cp39-macosx_10_9_universal2.whl", hash = "sha256:d8c36fdf3e02cec92aed2d44f63565ad1522a499c654f07935c8f9d04db69e95"},
    {file = "uvloop-0.20.0-cp39-cp39-macosx_10_9_x86_64.whl", hash = "sha256:a0fac7be202596c7126146660725157d4813aa29a4cc990fe51346f75ff8fde7"},
    {file = "uvloop-0.20.0-cp39-cp39-manylinux_2_17_aarch64.manylinux2014_aarch64.whl", hash = "sha256:9d0fba61846f294bce41eb44d60d58136090ea2b5b99efd21cbdf4e21927c56a"},
    {file = "uvloop-0.20.0-cp39-cp39-manylinux_2_17_x86_64.manylinux2014_x86_64.whl", hash = "sha256:95720bae002ac357202e0d866128eb1ac82545bcf0b549b9abe91b5178d9b541"},
    {file = "uvloop-0.20.0-cp39-cp39-musllinux_1_1_aarch64.whl", hash = "sha256:36c530d8fa03bfa7085af54a48f2ca16ab74df3ec7108a46ba82fd8b411a2315"},
    {file = "uvloop-0.20.0-cp39-cp39-musllinux_1_1_x86_64.whl", hash = "sha256:e97152983442b499d7a71e44f29baa75b3b02e65d9c44ba53b10338e98dedb66"},
    {file = "uvloop-0.20.0.tar.gz", hash = "sha256:4603ca714a754fc8d9b197e325db25b2ea045385e8a3ad05d3463de725fdf469"},
]

[package.extras]
docs = ["Sphinx (>=4.1.2,<4.2.0)", "sphinx-rtd-theme (>=0.5.2,<0.6.0)", "sphinxcontrib-asyncio (>=0.3.0,<0.4.0)"]
test = ["Cython (>=0.29.36,<0.30.0)", "aiohttp (==3.9.0b0)", "aiohttp (>=3.8.1)", "flake8 (>=5.0,<6.0)", "mypy (>=0.800)", "psutil", "pyOpenSSL (>=23.0.0,<23.1.0)", "pycodestyle (>=2.9.0,<2.10.0)"]

[[package]]
name = "websockets"
version = "13.0.1"
description = "An implementation of the WebSocket Protocol (RFC 6455 & 7692)"
optional = false
python-versions = ">=3.8"
files = [
    {file = "websockets-13.0.1-cp310-cp310-macosx_10_9_universal2.whl", hash = "sha256:1841c9082a3ba4a05ea824cf6d99570a6a2d8849ef0db16e9c826acb28089e8f"},
    {file = "websockets-13.0.1-cp310-cp310-macosx_10_9_x86_64.whl", hash = "sha256:c5870b4a11b77e4caa3937142b650fbbc0914a3e07a0cf3131f35c0587489c1c"},
    {file = "websockets-13.0.1-cp310-cp310-macosx_11_0_arm64.whl", hash = "sha256:f1d3d1f2eb79fe7b0fb02e599b2bf76a7619c79300fc55f0b5e2d382881d4f7f"},
    {file = "websockets-13.0.1-cp310-cp310-manylinux_2_17_aarch64.manylinux2014_aarch64.whl", hash = "sha256:15c7d62ee071fa94a2fc52c2b472fed4af258d43f9030479d9c4a2de885fd543"},
    {file = "websockets-13.0.1-cp310-cp310-manylinux_2_5_i686.manylinux1_i686.manylinux_2_17_i686.manylinux2014_i686.whl", hash = "sha256:6724b554b70d6195ba19650fef5759ef11346f946c07dbbe390e039bcaa7cc3d"},
    {file = "websockets-13.0.1-cp310-cp310-manylinux_2_5_x86_64.manylinux1_x86_64.manylinux_2_17_x86_64.manylinux2014_x86_64.whl", hash = "sha256:56a952fa2ae57a42ba7951e6b2605e08a24801a4931b5644dfc68939e041bc7f"},
    {file = "websockets-13.0.1-cp310-cp310-musllinux_1_2_aarch64.whl", hash = "sha256:17118647c0ea14796364299e942c330d72acc4b248e07e639d34b75067b3cdd8"},
    {file = "websockets-13.0.1-cp310-cp310-musllinux_1_2_i686.whl", hash = "sha256:64a11aae1de4c178fa653b07d90f2fb1a2ed31919a5ea2361a38760192e1858b"},
    {file = "websockets-13.0.1-cp310-cp310-musllinux_1_2_x86_64.whl", hash = "sha256:0617fd0b1d14309c7eab6ba5deae8a7179959861846cbc5cb528a7531c249448"},
    {file = "websockets-13.0.1-cp310-cp310-win32.whl", hash = "sha256:11f9976ecbc530248cf162e359a92f37b7b282de88d1d194f2167b5e7ad80ce3"},
    {file = "websockets-13.0.1-cp310-cp310-win_amd64.whl", hash = "sha256:c3c493d0e5141ec055a7d6809a28ac2b88d5b878bb22df8c621ebe79a61123d0"},
    {file = "websockets-13.0.1-cp311-cp311-macosx_10_9_universal2.whl", hash = "sha256:699ba9dd6a926f82a277063603fc8d586b89f4cb128efc353b749b641fcddda7"},
    {file = "websockets-13.0.1-cp311-cp311-macosx_10_9_x86_64.whl", hash = "sha256:cf2fae6d85e5dc384bf846f8243ddaa9197f3a1a70044f59399af001fd1f51d4"},
    {file = "websockets-13.0.1-cp311-cp311-macosx_11_0_arm64.whl", hash = "sha256:52aed6ef21a0f1a2a5e310fb5c42d7555e9c5855476bbd7173c3aa3d8a0302f2"},
    {file = "websockets-13.0.1-cp311-cp311-manylinux_2_17_aarch64.manylinux2014_aarch64.whl", hash = "sha256:8eb2b9a318542153674c6e377eb8cb9ca0fc011c04475110d3477862f15d29f0"},
    {file = "websockets-13.0.1-cp311-cp311-manylinux_2_5_i686.manylinux1_i686.manylinux_2_17_i686.manylinux2014_i686.whl", hash = "sha256:5df891c86fe68b2c38da55b7aea7095beca105933c697d719f3f45f4220a5e0e"},
    {file = "websockets-13.0.1-cp311-cp311-manylinux_2_5_x86_64.manylinux1_x86_64.manylinux_2_17_x86_64.manylinux2014_x86_64.whl", hash = "sha256:fac2d146ff30d9dd2fcf917e5d147db037a5c573f0446c564f16f1f94cf87462"},
    {file = "websockets-13.0.1-cp311-cp311-musllinux_1_2_aarch64.whl", hash = "sha256:b8ac5b46fd798bbbf2ac6620e0437c36a202b08e1f827832c4bf050da081b501"},
    {file = "websockets-13.0.1-cp311-cp311-musllinux_1_2_i686.whl", hash = "sha256:46af561eba6f9b0848b2c9d2427086cabadf14e0abdd9fde9d72d447df268418"},
    {file = "websockets-13.0.1-cp311-cp311-musllinux_1_2_x86_64.whl", hash = "sha256:b5a06d7f60bc2fc378a333978470dfc4e1415ee52f5f0fce4f7853eb10c1e9df"},
    {file = "websockets-13.0.1-cp311-cp311-win32.whl", hash = "sha256:556e70e4f69be1082e6ef26dcb70efcd08d1850f5d6c5f4f2bcb4e397e68f01f"},
    {file = "websockets-13.0.1-cp311-cp311-win_amd64.whl", hash = "sha256:67494e95d6565bf395476e9d040037ff69c8b3fa356a886b21d8422ad86ae075"},
    {file = "websockets-13.0.1-cp312-cp312-macosx_10_9_universal2.whl", hash = "sha256:f9c9e258e3d5efe199ec23903f5da0eeaad58cf6fccb3547b74fd4750e5ac47a"},
    {file = "websockets-13.0.1-cp312-cp312-macosx_10_9_x86_64.whl", hash = "sha256:6b41a1b3b561f1cba8321fb32987552a024a8f67f0d05f06fcf29f0090a1b956"},
    {file = "websockets-13.0.1-cp312-cp312-macosx_11_0_arm64.whl", hash = "sha256:f73e676a46b0fe9426612ce8caeca54c9073191a77c3e9d5c94697aef99296af"},
    {file = "websockets-13.0.1-cp312-cp312-manylinux_2_17_aarch64.manylinux2014_aarch64.whl", hash = "sha256:1f613289f4a94142f914aafad6c6c87903de78eae1e140fa769a7385fb232fdf"},
    {file = "websockets-13.0.1-cp312-cp312-manylinux_2_5_i686.manylinux1_i686.manylinux_2_17_i686.manylinux2014_i686.whl", hash = "sha256:0f52504023b1480d458adf496dc1c9e9811df4ba4752f0bc1f89ae92f4f07d0c"},
    {file = "websockets-13.0.1-cp312-cp312-manylinux_2_5_x86_64.manylinux1_x86_64.manylinux_2_17_x86_64.manylinux2014_x86_64.whl", hash = "sha256:139add0f98206cb74109faf3611b7783ceafc928529c62b389917a037d4cfdf4"},
    {file = "websockets-13.0.1-cp312-cp312-musllinux_1_2_aarch64.whl", hash = "sha256:47236c13be337ef36546004ce8c5580f4b1150d9538b27bf8a5ad8edf23ccfab"},
    {file = "websockets-13.0.1-cp312-cp312-musllinux_1_2_i686.whl", hash = "sha256:c44ca9ade59b2e376612df34e837013e2b273e6c92d7ed6636d0556b6f4db93d"},
    {file = "websockets-13.0.1-cp312-cp312-musllinux_1_2_x86_64.whl", hash = "sha256:9bbc525f4be3e51b89b2a700f5746c2a6907d2e2ef4513a8daafc98198b92237"},
    {file = "websockets-13.0.1-cp312-cp312-win32.whl", hash = "sha256:3624fd8664f2577cf8de996db3250662e259bfbc870dd8ebdcf5d7c6ac0b5185"},
    {file = "websockets-13.0.1-cp312-cp312-win_amd64.whl", hash = "sha256:0513c727fb8adffa6d9bf4a4463b2bade0186cbd8c3604ae5540fae18a90cb99"},
    {file = "websockets-13.0.1-cp313-cp313-macosx_10_13_universal2.whl", hash = "sha256:1ee4cc030a4bdab482a37462dbf3ffb7e09334d01dd37d1063be1136a0d825fa"},
    {file = "websockets-13.0.1-cp313-cp313-macosx_10_13_x86_64.whl", hash = "sha256:dbb0b697cc0655719522406c059eae233abaa3243821cfdfab1215d02ac10231"},
    {file = "websockets-13.0.1-cp313-cp313-macosx_11_0_arm64.whl", hash = "sha256:acbebec8cb3d4df6e2488fbf34702cbc37fc39ac7abf9449392cefb3305562e9"},
    {file = "websockets-13.0.1-cp313-cp313-manylinux_2_17_aarch64.manylinux2014_aarch64.whl", hash = "sha256:63848cdb6fcc0bf09d4a155464c46c64ffdb5807ede4fb251da2c2692559ce75"},
    {file = "websockets-13.0.1-cp313-cp313-manylinux_2_5_i686.manylinux1_i686.manylinux_2_17_i686.manylinux2014_i686.whl", hash = "sha256:872afa52a9f4c414d6955c365b6588bc4401272c629ff8321a55f44e3f62b553"},
    {file = "websockets-13.0.1-cp313-cp313-manylinux_2_5_x86_64.manylinux1_x86_64.manylinux_2_17_x86_64.manylinux2014_x86_64.whl", hash = "sha256:05e70fec7c54aad4d71eae8e8cab50525e899791fc389ec6f77b95312e4e9920"},
    {file = "websockets-13.0.1-cp313-cp313-musllinux_1_2_aarch64.whl", hash = "sha256:e82db3756ccb66266504f5a3de05ac6b32f287faacff72462612120074103329"},
    {file = "websockets-13.0.1-cp313-cp313-musllinux_1_2_i686.whl", hash = "sha256:4e85f46ce287f5c52438bb3703d86162263afccf034a5ef13dbe4318e98d86e7"},
    {file = "websockets-13.0.1-cp313-cp313-musllinux_1_2_x86_64.whl", hash = "sha256:f3fea72e4e6edb983908f0db373ae0732b275628901d909c382aae3b592589f2"},
    {file = "websockets-13.0.1-cp313-cp313-win32.whl", hash = "sha256:254ecf35572fca01a9f789a1d0f543898e222f7b69ecd7d5381d8d8047627bdb"},
    {file = "websockets-13.0.1-cp313-cp313-win_amd64.whl", hash = "sha256:ca48914cdd9f2ccd94deab5bcb5ac98025a5ddce98881e5cce762854a5de330b"},
    {file = "websockets-13.0.1-cp38-cp38-macosx_10_9_universal2.whl", hash = "sha256:b74593e9acf18ea5469c3edaa6b27fa7ecf97b30e9dabd5a94c4c940637ab96e"},
    {file = "websockets-13.0.1-cp38-cp38-macosx_10_9_x86_64.whl", hash = "sha256:132511bfd42e77d152c919147078460c88a795af16b50e42a0bd14f0ad71ddd2"},
    {file = "websockets-13.0.1-cp38-cp38-macosx_11_0_arm64.whl", hash = "sha256:165bedf13556f985a2aa064309baa01462aa79bf6112fbd068ae38993a0e1f1b"},
    {file = "websockets-13.0.1-cp38-cp38-manylinux_2_17_aarch64.manylinux2014_aarch64.whl", hash = "sha256:e801ca2f448850685417d723ec70298feff3ce4ff687c6f20922c7474b4746ae"},
    {file = "websockets-13.0.1-cp38-cp38-manylinux_2_5_i686.manylinux1_i686.manylinux_2_17_i686.manylinux2014_i686.whl", hash = "sha256:30d3a1f041360f029765d8704eae606781e673e8918e6b2c792e0775de51352f"},
    {file = "websockets-13.0.1-cp38-cp38-manylinux_2_5_x86_64.manylinux1_x86_64.manylinux_2_17_x86_64.manylinux2014_x86_64.whl", hash = "sha256:67648f5e50231b5a7f6d83b32f9c525e319f0ddc841be0de64f24928cd75a603"},
    {file = "websockets-13.0.1-cp38-cp38-musllinux_1_2_aarch64.whl", hash = "sha256:4f0426d51c8f0926a4879390f53c7f5a855e42d68df95fff6032c82c888b5f36"},
    {file = "websockets-13.0.1-cp38-cp38-musllinux_1_2_i686.whl", hash = "sha256:ef48e4137e8799998a343706531e656fdec6797b80efd029117edacb74b0a10a"},
    {file = "websockets-13.0.1-cp38-cp38-musllinux_1_2_x86_64.whl", hash = "sha256:249aab278810bee585cd0d4de2f08cfd67eed4fc75bde623be163798ed4db2eb"},
    {file = "websockets-13.0.1-cp38-cp38-win32.whl", hash = "sha256:06c0a667e466fcb56a0886d924b5f29a7f0886199102f0a0e1c60a02a3751cb4"},
    {file = "websockets-13.0.1-cp38-cp38-win_amd64.whl", hash = "sha256:1f3cf6d6ec1142412d4535adabc6bd72a63f5f148c43fe559f06298bc21953c9"},
    {file = "websockets-13.0.1-cp39-cp39-macosx_10_9_universal2.whl", hash = "sha256:1fa082ea38d5de51dd409434edc27c0dcbd5fed2b09b9be982deb6f0508d25bc"},
    {file = "websockets-13.0.1-cp39-cp39-macosx_10_9_x86_64.whl", hash = "sha256:4a365bcb7be554e6e1f9f3ed64016e67e2fa03d7b027a33e436aecf194febb63"},
    {file = "websockets-13.0.1-cp39-cp39-macosx_11_0_arm64.whl", hash = "sha256:10a0dc7242215d794fb1918f69c6bb235f1f627aaf19e77f05336d147fce7c37"},
    {file = "websockets-13.0.1-cp39-cp39-manylinux_2_17_aarch64.manylinux2014_aarch64.whl", hash = "sha256:59197afd478545b1f73367620407b0083303569c5f2d043afe5363676f2697c9"},
    {file = "websockets-13.0.1-cp39-cp39-manylinux_2_5_i686.manylinux1_i686.manylinux_2_17_i686.manylinux2014_i686.whl", hash = "sha256:7d20516990d8ad557b5abeb48127b8b779b0b7e6771a265fa3e91767596d7d97"},
    {file = "websockets-13.0.1-cp39-cp39-manylinux_2_5_x86_64.manylinux1_x86_64.manylinux_2_17_x86_64.manylinux2014_x86_64.whl", hash = "sha256:a1a2e272d067030048e1fe41aa1ec8cfbbaabce733b3d634304fa2b19e5c897f"},
    {file = "websockets-13.0.1-cp39-cp39-musllinux_1_2_aarch64.whl", hash = "sha256:ad327ac80ba7ee61da85383ca8822ff808ab5ada0e4a030d66703cc025b021c4"},
    {file = "websockets-13.0.1-cp39-cp39-musllinux_1_2_i686.whl", hash = "sha256:518f90e6dd089d34eaade01101fd8a990921c3ba18ebbe9b0165b46ebff947f0"},
    {file = "websockets-13.0.1-cp39-cp39-musllinux_1_2_x86_64.whl", hash = "sha256:68264802399aed6fe9652e89761031acc734fc4c653137a5911c2bfa995d6d6d"},
    {file = "websockets-13.0.1-cp39-cp39-win32.whl", hash = "sha256:a5dc0c42ded1557cc7c3f0240b24129aefbad88af4f09346164349391dea8e58"},
    {file = "websockets-13.0.1-cp39-cp39-win_amd64.whl", hash = "sha256:b448a0690ef43db5ef31b3a0d9aea79043882b4632cfc3eaab20105edecf6097"},
    {file = "websockets-13.0.1-pp310-pypy310_pp73-macosx_10_15_x86_64.whl", hash = "sha256:faef9ec6354fe4f9a2c0bbb52fb1ff852effc897e2a4501e25eb3a47cb0a4f89"},
    {file = "websockets-13.0.1-pp310-pypy310_pp73-macosx_11_0_arm64.whl", hash = "sha256:03d3f9ba172e0a53e37fa4e636b86cc60c3ab2cfee4935e66ed1d7acaa4625ad"},
    {file = "websockets-13.0.1-pp310-pypy310_pp73-manylinux_2_17_aarch64.manylinux2014_aarch64.whl", hash = "sha256:d450f5a7a35662a9b91a64aefa852f0c0308ee256122f5218a42f1d13577d71e"},
    {file = "websockets-13.0.1-pp310-pypy310_pp73-manylinux_2_5_i686.manylinux1_i686.manylinux_2_17_i686.manylinux2014_i686.whl", hash = "sha256:3f55b36d17ac50aa8a171b771e15fbe1561217510c8768af3d546f56c7576cdc"},
    {file = "websockets-13.0.1-pp310-pypy310_pp73-manylinux_2_5_x86_64.manylinux1_x86_64.manylinux_2_17_x86_64.manylinux2014_x86_64.whl", hash = "sha256:14b9c006cac63772b31abbcd3e3abb6228233eec966bf062e89e7fa7ae0b7333"},
    {file = "websockets-13.0.1-pp310-pypy310_pp73-win_amd64.whl", hash = "sha256:b79915a1179a91f6c5f04ece1e592e2e8a6bd245a0e45d12fd56b2b59e559a32"},
    {file = "websockets-13.0.1-pp38-pypy38_pp73-macosx_10_9_x86_64.whl", hash = "sha256:f40de079779acbcdbb6ed4c65af9f018f8b77c5ec4e17a4b737c05c2db554491"},
    {file = "websockets-13.0.1-pp38-pypy38_pp73-macosx_11_0_arm64.whl", hash = "sha256:80e4ba642fc87fa532bac07e5ed7e19d56940b6af6a8c61d4429be48718a380f"},
    {file = "websockets-13.0.1-pp38-pypy38_pp73-manylinux_2_17_aarch64.manylinux2014_aarch64.whl", hash = "sha256:2a02b0161c43cc9e0232711eff846569fad6ec836a7acab16b3cf97b2344c060"},
    {file = "websockets-13.0.1-pp38-pypy38_pp73-manylinux_2_5_i686.manylinux1_i686.manylinux_2_17_i686.manylinux2014_i686.whl", hash = "sha256:6aa74a45d4cdc028561a7d6ab3272c8b3018e23723100b12e58be9dfa5a24491"},
    {file = "websockets-13.0.1-pp38-pypy38_pp73-manylinux_2_5_x86_64.manylinux1_x86_64.manylinux_2_17_x86_64.manylinux2014_x86_64.whl", hash = "sha256:00fd961943b6c10ee6f0b1130753e50ac5dcd906130dcd77b0003c3ab797d026"},
    {file = "websockets-13.0.1-pp38-pypy38_pp73-win_amd64.whl", hash = "sha256:d93572720d781331fb10d3da9ca1067817d84ad1e7c31466e9f5e59965618096"},
    {file = "websockets-13.0.1-pp39-pypy39_pp73-macosx_10_15_x86_64.whl", hash = "sha256:71e6e5a3a3728886caee9ab8752e8113670936a193284be9d6ad2176a137f376"},
    {file = "websockets-13.0.1-pp39-pypy39_pp73-macosx_11_0_arm64.whl", hash = "sha256:c4a6343e3b0714e80da0b0893543bf9a5b5fa71b846ae640e56e9abc6fbc4c83"},
    {file = "websockets-13.0.1-pp39-pypy39_pp73-manylinux_2_17_aarch64.manylinux2014_aarch64.whl", hash = "sha256:1a678532018e435396e37422a95e3ab87f75028ac79570ad11f5bf23cd2a7d8c"},
    {file = "websockets-13.0.1-pp39-pypy39_pp73-manylinux_2_5_i686.manylinux1_i686.manylinux_2_17_i686.manylinux2014_i686.whl", hash = "sha256:d6716c087e4aa0b9260c4e579bb82e068f84faddb9bfba9906cb87726fa2e870"},
    {file = "websockets-13.0.1-pp39-pypy39_pp73-manylinux_2_5_x86_64.manylinux1_x86_64.manylinux_2_17_x86_64.manylinux2014_x86_64.whl", hash = "sha256:e33505534f3f673270dd67f81e73550b11de5b538c56fe04435d63c02c3f26b5"},
    {file = "websockets-13.0.1-pp39-pypy39_pp73-win_amd64.whl", hash = "sha256:acab3539a027a85d568c2573291e864333ec9d912675107d6efceb7e2be5d980"},
    {file = "websockets-13.0.1-py3-none-any.whl", hash = "sha256:b80f0c51681c517604152eb6a572f5a9378f877763231fddb883ba2f968e8817"},
    {file = "websockets-13.0.1.tar.gz", hash = "sha256:4d6ece65099411cfd9a48d13701d7438d9c34f479046b34c50ff60bb8834e43e"},
]

[metadata]
lock-version = "2.0"
python-versions = "^3.11"
content-hash = "6dc9af1311650159f9150a6aa0cfa38da3a5dea710ca868e1d025d38260a8312"
