# This file is automatically @generated by Poetry 1.5.1 and should not be changed by hand.

[[package]]
name = "aiojobs"
version = "1.4.0"
description = "Job scheduler for managing background tasks (asyncio)"
optional = false
python-versions = ">=3.9"
files = [
    {file = "aiojobs-1.4.0-py3-none-any.whl", hash = "sha256:e95eb0d10d1f6095aefb04d228d2b4b3747514503f26540de722c2228a8500ca"},
    {file = "aiojobs-1.4.0.tar.gz", hash = "sha256:463665c75d1fcc46c78d44375c1034abf5e3f087894b0fc5ec4dd16ef90fdc98"},
]

[package.extras]
aiohttp = ["aiohttp (>=3.9.0)"]

[[package]]
name = "names"
version = "0.3.0"
description = "Generate random names"
optional = false
python-versions = "*"
files = [
    {file = "names-0.3.0.tar.gz", hash = "sha256:726e46254f2ed03f1ffb5d941dae3bc67c35123941c29becd02d48d0caa2a671"},
]

[[package]]
name = "ujson"
version = "5.12.0"
description = "Ultra fast JSON encoder and decoder for Python"
optional = false
python-versions = ">=3.10"
files = [
    {file = "ujson-5.12.0-cp310-cp310-macosx_10_9_x86_64.whl", hash = "sha256:38051f36423f084b909aaadb3b41c9c6a2958e86956ba21a8489636911e87504"},
    {file = "ujson-5.12.0-cp310-cp310-macosx_11_0_arm64.whl", hash = "sha256:457fabc2700a8e6ddb85bc5a1d30d3345fe0d3ec3ee8161a4e032ec585801dfa"},
    {file = "ujson-5.12.0-cp310-cp310-manylinux_2_24_aarch64.manylinux_2_28_aarch64.whl", hash = "sha256:57930ac9519099b852e190d2c04b1fb5d97ea128db33bce77ed874eccb4c7f09"},
    {file = "ujson-5.12.0-cp310-cp310-manylinux_2_24_i686.manylinux_2_28_i686.whl", hash = "sha256:9b3b86ec3e818f3dd3e13a9de628e88a9990f4af68ecb0b12dd3de81227f0a26"},
    {file = "ujson-5.12.0-cp310-cp310-manylinux_2_24_x86_64.manylinux_2_28_x86_64.whl", hash = "sha256:460e76a4daff214ae33ab959494962c93918cb44714ea3e3f748b14aa37f8a87"},
    {file = "ujson-5.12.0-cp310-cp310-musllinux_1_2_aarch64.whl", hash = "sha256:e584d0cdd37cac355aca52ed788d1a2d939d6837e2870d3b70e585db24025a50"},
    {file = "ujson-5.12.0-cp310-cp310-musllinux_1_2_i686.whl", hash = "sha256:0fe9128e75c6aa6e9ae06c1408d6edd9179a2fef0fe6d9cda3166b887eba521d"},
    {file = "ujson-5.12.0-cp310-cp310-musllinux_1_2_x86_64.whl", hash = "sha256:3ed5cb149892141b1e77ef312924a327f2cc718b34247dae346ed66329e1b8be"},
    {file = "ujson-5.12.0-cp310-cp310-win32.whl", hash = "sha256:973b7d7145b1ac553a7466a64afa8b31ec2693d7c7fff6a755059e0a2885dfd2"},
    {file = "ujson-5.12.0-cp310-cp310-win_amd64.whl", hash = "sha256:1d072a403d82aef8090c6d4f728e3a727dfdba1ad3b7fa3a052c3ecbd37e73cb"},
    {file = "ujson-5.12.0-cp310-cp310-win_arm64.whl", hash = "sha256:55ede2a7a051b3b7e71a394978a098d71b3783e6b904702ff45483fad434ae2d"},
    {file = "ujson-5.12.0-cp311-cp311-macosx_10_9_x86_64.whl", hash = "sha256:58a11cb49482f1a095a2bd9a1d81dd7c8fb5d2357f959ece85db4e46a825fd00"},
    {file = "ujson-5.12.0-cp311-cp311-macosx_11_0_arm64.whl", hash = "sha256:9b3cf13facf6f77c283af0e1713e5e8c47a0fe295af81326cb3cb4380212e797"},
    {file = "ujson-5.12.0-cp311-cp311-manylinux_2_24_aarch64.manylinux_2_28_aarch64.whl", hash = "sha256:fb94245a715b4d6e24689de12772b85329a1f9946cbf6187923a64ecdea39e65"},
    {file = "ujson-5.12.0-cp311-cp311-manylinux_2_24_i686.manylinux_2_28_i686.whl", hash = "sha256:0fe6b8b8968e11dd9b2348bd508f0f57cf49ab3512064b36bc4117328218718e"},
    {file = "ujson-5.12.0-cp311-cp311-manylinux_2_24_x86_64.manylinux_2_28_x86_64.whl", hash = "sha256:89e302abd3749f6d6699691747969a5d85f7c73081d5ed7e2624c7bd9721a2ab"},
    {file = "ujson-5.12.0-cp311-cp311-musllinux_1_2_aarch64.whl", hash = "sha256:0727363b05ab05ee737a28f6200dc4078bce6b0508e10bd8aab507995a15df61"},
    {file = "ujson-5.12.0-cp311-cp311-musllinux_1_2_i686.whl", hash = "sha256:b62cb9a7501e1f5c9ffe190485501349c33e8862dde4377df774e40b8166871f"},
    {file = "ujson-5.12.0-cp311-cp311-musllinux_1_2_x86_64.whl", hash = "sha256:a6ec5bf6bc361f2f0f9644907a36ce527715b488988a8df534120e5c34eeda94"},
    {file = "ujson-5.12.0-cp311-cp311-win32.whl", hash = "sha256:006428d3813b87477d72d306c40c09f898a41b968e57b15a7d88454ecc42a3fb"},
    {file = "ujson-5.12.0-cp311-cp311-win_amd64.whl", hash = "sha256:40aa43a7a3a8d2f05e79900858053d697a88a605e3887be178b43acbcd781161"},
    {file = "ujson-5.12.0-cp311-cp311-win_arm64.whl", hash = "sha256:561f89cc82deeae82e37d4a4764184926fb432f740a9691563a391b13f7339a4"},
    {file = "ujson-5.12.0-cp312-cp312-macosx_10_13_x86_64.whl", hash = "sha256:09b4beff9cc91d445d5818632907b85fb06943b61cb346919ce202668bf6794a"},
    {file = "ujson-5.12.0-cp312-cp312-macosx_11_0_arm64.whl", hash = "sha256:ca0c7ce828bb76ab78b3991904b477c2fd0f711d7815c252d1ef28ff9450b052"},
    {file = "ujson-5.12.0-cp312-cp312-manylinux_2_24_aarch64.manylinux_2_28_aarch64.whl", hash = "sha256:a2d79c6635ccffcbfc1d5c045874ba36b594589be81d50d43472570bb8de9c57"},
    {file = "ujson-5.12.0-cp312-cp312-manylinux_2_24_i686.manylinux_2_28_i686.whl", hash = "sha256:7e07f6f644d2c44d53b7a320a084eef98063651912c1b9449b5f45fcbdc6ccd2"},
    {file = "ujson-5.12.0-cp312-cp312-manylinux_2_24_x86_64.manylinux_2_28_x86_64.whl", hash = "sha256:085b6ce182cdd6657481c7c4003a417e0655c4f6e58b76f26ee18f0ae21db827"},
    {file = "ujson-5.12.0-cp312-cp312-musllinux_1_2_aarch64.whl", hash = "sha256:16b4fe9c97dc605f5e1887a9e1224287291e35c56cbc379f8aa44b6b7bcfe2bb"},
    {file = "ujson-5.12.0-cp312-cp312-musllinux_1_2_i686.whl", hash = "sha256:0d2e8db5ade3736a163906154ca686203acc7d1d30736cbf577c730d13653d84"},
    {file = "ujson-5.12.0-cp312-cp312-musllinux_1_2_x86_64.whl", hash = "sha256:93bc91fdadcf046da37a214eaa714574e7e9b1913568e93bb09527b2ceb7f759"},
    {file = "ujson-5.12.0-cp312-cp312-win32.whl", hash = "sha256:2a248750abce1c76fbd11b2e1d88b95401e72819295c3b851ec73399d6849b3d"},
    {file = "ujson-5.12.0-cp312-cp312-win_amd64.whl", hash = "sha256:1b5c6ceb65fecd28a1d20d1eba9dbfa992612b86594e4b6d47bb580d2dd6bcb3"},
    {file = "ujson-5.12.0-cp312-cp312-win_arm64.whl", hash = "sha256:9a5fcbe7b949f2e95c47ea8a80b410fcdf2da61c98553b45a4ee875580418b68"},
    {file = "ujson-5.12.0-cp313-cp313-macosx_10_13_x86_64.whl", hash = "sha256:15d416440148f3e56b9b244fdaf8a09fcf5a72e4944b8e119f5bf60417a2bfc8"},
    {file = "ujson-5.12.0-cp313-cp313-macosx_11_0_arm64.whl", hash = "sha256:e0dd3676ea0837cd70ea1879765e9e9f6be063be0436de9b3ea4b775caf83654"},
    {file = "ujson-5.12.0-cp313-cp313-manylinux_2_24_aarch64.manylinux_2_28_aarch64.whl", hash = "sha256:7bbf05c38debc90d1a195b11340cc85cb43ab3e753dc47558a3a84a38cbc72da"},
    {file = "ujson-5.12.0-cp313-cp313-manylinux_2_24_i686.manylinux_2_28_i686.whl", hash = "sha256:3c2f947e55d3c7cfe124dd4521ee481516f3007d13c6ad4bf6aeb722e190eb1b"},
    {file = "ujson-5.12.0-cp313-cp313-manylinux_2_24_x86_64.manylinux_2_28_x86_64.whl", hash = "sha256:2ea6206043385343aff0b7da65cf73677f6f5e50de8f1c879e557f4298cac36a"},
    {file = "ujson-5.12.0-cp313-cp313-musllinux_1_2_aarch64.whl", hash = "sha256:bb349dbba57c76eec25e5917e07f35aabaf0a33b9e67fc13d188002500106487"},
    {file = "ujson-5.12.0-cp313-cp313-musllinux_1_2_i686.whl", hash = "sha256:937794042342006f707837f38d721426b11b0774d327a2a45c0bd389eb750a87"},
    {file = "ujson-5.12.0-cp313-cp313-musllinux_1_2_x86_64.whl", hash = "sha256:6ad57654570464eb1b040b5c353dee442608e06cff9102b8fcb105565a44c9ed"},
    {file = "ujson-5.12.0-cp313-cp313-win32.whl", hash = "sha256:76bf3e7406cf23a3e1ca6a23fb1fb9ea82f4f6bd226fe226e09146b0194f85dc"},
    {file = "ujson-5.12.0-cp313-cp313-win_amd64.whl", hash = "sha256:15e555c4caca42411270b2ed2b2ebc7b3a42bb04138cef6c956e1f1d49709fe2"},
    {file = "ujson-5.12.0-cp313-cp313-win_arm64.whl", hash = "sha256:bd03472c36fa3a386a6deb887113b9e3fa40efba8203eb4fe786d3c0ccc724f6"},
    {file = "ujson-5.12.0-cp314-cp314-macosx_10_15_x86_64.whl", hash = "sha256:85833bca01aa5cae326ac759276dc175c5fa3f7b3733b7d543cf27f2df12d1ef"},
    {file = "ujson-5.12.0-cp314-cp314-macosx_11_0_arm64.whl", hash = "sha256:d22cad98c2a10bbf6aa083a8980db6ed90d4285a841c4de892890c2b28286ef9"},
    {file = "ujson-5.12.0-cp314-cp314-manylinux_2_24_aarch64.manylinux_2_28_aarch64.whl", hash = "sha256:99cc80facad240b0c2fb5a633044420878aac87a8e7c348b9486450cba93f27c"},
    {file = "ujson-5.12.0-cp314-cp314-manylinux_2_24_i686.manylinux_2_28_i686.whl", hash = "sha256:d1831c07bd4dce53c4b666fa846c7eba4b7c414f2e641a4585b7f50b72f502dc"},
    {file = "ujson-5.12.0-cp314-cp314-manylinux_2_24_x86_64.manylinux_2_28_x86_64.whl", hash = "sha256:0e00cec383eab2406c9e006bd4edb55d284e94bb943fda558326048178d26961"},
    {file = "ujson-5.12.0-cp314-cp314-musllinux_1_2_aarch64.whl", hash = "sha256:f19b3af31d02a2e79c5f9a6deaab0fb3c116456aeb9277d11720ad433de6dfc6"},
    {file = "ujson-5.12.0-cp314-cp314-musllinux_1_2_i686.whl", hash = "sha256:bacbd3c69862478cbe1c7ed4325caedec580d8acf31b8ee1b9a1e02a56295cad"},
    {file = "ujson-5.12.0-cp314-cp314-musllinux_1_2_x86_64.whl", hash = "sha256:94c5f1621cbcab83c03be46441f090b68b9f307b6c7ec44d4e3f6d5997383df4"},
    {file = "ujson-5.12.0-cp314-cp314-win32.whl", hash = "sha256:e6369ac293d2cc40d52577e4fa3d75a70c1aae2d01fa3580a34a4e6eff9286b9"},
    {file = "ujson-5.12.0-cp314-cp314-win_amd64.whl", hash = "sha256:31348a0ffbfc815ce78daac569d893349d85a0b57e1cd2cdbba50b7f333784da"},
    {file = "ujson-5.12.0-cp314-cp314-win_arm64.whl", hash = "sha256:6879aed770557f0961b252648d36f6fdaab41079d37a2296b5649fd1b35608e0"},
    {file = "ujson-5.12.0-cp314-cp314t-macosx_10_15_x86_64.whl", hash = "sha256:7ddb08b3c2f9213df1f2e3eb2fbea4963d80ec0f8de21f0b59898e34f3b3d96d"},
    {file = "ujson-5.12.0-cp314-cp314t-macosx_11_0_arm64.whl", hash = "sha256:0a3ae28f0b209be5af50b54ca3e2123a3de3a57d87b75f1e5aa3d7961e041983"},
    {file = "ujson-5.12.0-cp314-cp314t-manylinux_2_24_aarch64.manylinux_2_28_aarch64.whl", hash = "sha256:d30ad4359413c8821cc7b3707f7ca38aa8bc852ba3b9c5a759ee2d7740157315"},
    {file = "ujson-5.12.0-cp314-cp314t-manylinux_2_24_i686.manylinux_2_28_i686.whl", hash = "sha256:02f93da7a4115e24f886b04fd56df1ee8741c2ce4ea491b7ab3152f744ad8f8e"},
    {file = "ujson-5.12.0-cp314-cp314t-manylinux_2_24_x86_64.manylinux_2_28_x86_64.whl", hash = "sha256:3ff4ede90ed771140caa7e1890de17431763a483c54b3c1f88bd30f0cc1affc0"},
    {file = "ujson-5.12.0-cp314-cp314t-musllinux_1_2_aarch64.whl", hash = "sha256:a7bf9cc97f05048ac8f3e02cd58f0fe62b901453c24345bfde287f4305dcc31c"},
    {file = "ujson-5.12.0-cp314-cp314t-musllinux_1_2_i686.whl", hash = "sha256:2324d9a0502317ffc35d38e153c1b2fa9610ae03775c9d0f8d0cca7b8572b04e"},
    {file = "ujson-5.12.0-cp314-cp314t-musllinux_1_2_x86_64.whl", hash = "sha256:50524f4f6a1c839714dbaff5386a1afb245d2d5ec8213a01fbc99cea7307811e"},
    {file = "ujson-5.12.0-cp314-cp314t-win32.whl", hash = "sha256:f7a0430d765f9bda043e6aefaba5944d5f21ec43ff4774417d7e296f61917382"},
    {file = "ujson-5.12.0-cp314-cp314t-win_amd64.whl", hash = "sha256:ccbfd94e59aad4a2566c71912b55f0547ac1680bfac25eb138e6703eb3dd434e"},
    {file = "ujson-5.12.0-cp314-cp314t-win_arm64.whl", hash = "sha256:42d875388fbd091c7ea01edfff260f839ba303038ffb23475ef392012e4d63dd"},
    {file = "ujson-5.12.0-graalpy312-graalpy250_312_native-macosx_10_13_x86_64.whl", hash = "sha256:bf85a00ac3b56a1e7a19c5be7b02b5180a0895ac4d3c234d717a55e86960691c"},
    {file = "ujson-5.12.0-graalpy312-graalpy250_312_native-macosx_11_0_arm64.whl", hash = "sha256:64df53eef4ac857eb5816a56e2885ccf0d7dff6333c94065c93b39c51063e01d"},
    {file = "ujson-5.12.0-graalpy312-graalpy250_312_native-manylinux_2_24_aarch64.manylinux_2_28_aarch64.whl", hash = "sha256:6c0aed6a4439994c9666fb8a5b6c4eac94d4ef6ddc95f9b806a599ef83547e3b"},
    {file = "ujson-5.12.0-graalpy312-graalpy250_312_native-manylinux_2_24_x86_64.manylinux_2_28_x86_64.whl", hash = "sha256:efae5df7a8cc8bdb1037b0f786b044ce281081441df5418c3a0f0e1f86fe7bb3"},
    {file = "ujson-5.12.0-graalpy312-graalpy250_312_native-win_amd64.whl", hash = "sha256:8712b61eb1b74a4478cfd1c54f576056199e9f093659334aeb5c4a6b385338e5"},
    {file = "ujson-5.12.0-pp311-pypy311_pp73-macosx_10_15_x86_64.whl", hash = "sha256:871c0e5102e47995b0e37e8df7819a894a6c3da0d097545cd1f9f1f7d7079927"},
    {file = "ujson-5.12.0-pp311-pypy311_pp73-macosx_11_0_arm64.whl", hash = "sha256:56ba3f7abbd6b0bb282a544dc38406d1a188d8bb9164f49fdb9c2fee62cb29da"},
    {file = "ujson-5.12.0-pp311-pypy311_pp73-manylinux_2_24_aarch64.manylinux_2_28_aarch64.whl", hash = "sha256:9c5a52987a990eb1bae55f9000994f1afdb0326c154fb089992f839ab3c30688"},
    {file = "ujson-5.12.0-pp311-pypy311_pp73-manylinux_2_24_i686.manylinux_2_28_i686.whl", hash = "sha256:adf28d13a33f9d750fe7a78fb481cac298fa257d8863d8727b2ea4455ea41235"},
    {file = "ujson-5.12.0-pp311-pypy311_pp73-manylinux_2_24_x86_64.manylinux_2_28_x86_64.whl", hash = "sha256:51acc750ec7a2df786cdc868fb16fa04abd6269a01d58cf59bafc57978773d8e"},
    {file = "ujson-5.12.0-pp311-pypy311_pp73-win_amd64.whl", hash = "sha256:ab9056d94e5db513d9313b34394f3a3b83e6301a581c28ad67773434f3faccab"},
    {file = "ujson-5.12.0.tar.gz", hash = "sha256:14b2e1eb528d77bc0f4c5bd1a7ebc05e02b5b41beefb7e8567c9675b8b13bcf4"},
]

[[package]]
name = "uvloop"
version = "0.22.1"
description = "Fast implementation of asyncio event loop on top of libuv"
optional = false
python-versions = ">=3.8.1"
files = [
    {file = "uvloop-0.22.1-cp310-cp310-macosx_10_9_universal2.whl", hash = "sha256:ef6f0d4cc8a9fa1f6a910230cd53545d9a14479311e87e3cb225495952eb672c"},
    {file = "uvloop-0.22.1-cp310-cp310-macosx_10_9_x86_64.whl", hash = "sha256:7cd375a12b71d33d46af85a3343b35d98e8116134ba404bd657b3b1d15988792"},
    {file = "uvloop-0.22.1-cp310-cp310-manylinux2014_aarch64.manylinux_2_17_aarch64.manylinux_2_28_aarch64.whl", hash = "sha256:ac33ed96229b7790eb729702751c0e93ac5bc3bcf52ae9eccbff30da09194b86"},
    {file = "uvloop-0.22.1-cp310-cp310-manylinux2014_x86_64.manylinux_2_17_x86_64.manylinux_2_28_x86_64.whl", hash = "sha256:481c990a7abe2c6f4fc3d98781cc9426ebd7f03a9aaa7eb03d3bfc68ac2a46bd"},
    {file = "uvloop-0.22.1-cp310-cp310-musllinux_1_2_aarch64.whl", hash = "sha256:a592b043a47ad17911add5fbd087c76716d7c9ccc1d64ec9249ceafd735f03c2"},
    {file = "uvloop-0.22.1-cp310-cp310-musllinux_1_2_x86_64.whl", hash = "sha256:1489cf791aa7b6e8c8be1c5a080bae3a672791fcb4e9e12249b05862a2ca9cec"},
    {file = "uvloop-0.22.1-cp311-cp311-macosx_10_9_universal2.whl", hash = "sha256:c60ebcd36f7b240b30788554b6f0782454826a0ed765d8430652621b5de674b9"},
    {file = "uvloop-0.22.1-cp311-cp311-macosx_10_9_x86_64.whl", hash = "sha256:3b7f102bf3cb1995cfeaee9321105e8f5da76fdb104cdad8986f85461a1b7b77"},
    {file = "uvloop-0.22.1-cp311-cp311-manylinux2014_aarch64.manylinux_2_17_aarch64.manylinux_2_28_aarch64.whl", hash = "sha256:53c85520781d84a4b8b230e24a5af5b0778efdb39142b424990ff1ef7c48ba21"},
    {file = "uvloop-0.22.1-cp311-cp311-manylinux2014_x86_64.manylinux_2_17_x86_64.manylinux_2_28_x86_64.whl", hash = "sha256:56a2d1fae65fd82197cb8c53c367310b3eabe1bbb9fb5a04d28e3e3520e4f702"},
    {file = "uvloop-0.22.1-cp311-cp311-musllinux_1_2_aarch64.whl", hash = "sha256:40631b049d5972c6755b06d0bfe8233b1bd9a8a6392d9d1c45c10b6f9e9b2733"},
    {file = "uvloop-0.22.1-cp311-cp311-musllinux_1_2_x86_64.whl", hash = "sha256:535cc37b3a04f6cd2c1ef65fa1d370c9a35b6695df735fcff5427323f2cd5473"},
    {file = "uvloop-0.22.1-cp312-cp312-macosx_10_13_universal2.whl", hash = "sha256:fe94b4564e865d968414598eea1a6de60adba0c040ba4ed05ac1300de402cd42"},
    {file = "uvloop-0.22.1-cp312-cp312-macosx_10_13_x86_64.whl", hash = "sha256:51eb9bd88391483410daad430813d982010f9c9c89512321f5b60e2cddbdddd6"},
    {file = "uvloop-0.22.1-cp312-cp312-manylinux2014_aarch64.manylinux_2_17_aarch64.manylinux_2_28_aarch64.whl", hash = "sha256:700e674a166ca5778255e0e1dc4e9d79ab2acc57b9171b79e65feba7184b3370"},
    {file = "uvloop-0.22.1-cp312-cp312-manylinux2014_x86_64.manylinux_2_17_x86_64.manylinux_2_28_x86_64.whl", hash = "sha256:7b5b1ac819a3f946d3b2ee07f09149578ae76066d70b44df3fa990add49a82e4"},
    {file = "uvloop-0.22.1-cp312-cp312-musllinux_1_2_aarch64.whl", hash = "sha256:e047cc068570bac9866237739607d1313b9253c3051ad84738cbb095be0537b2"},
    {file = "uvloop-0.22.1-cp312-cp312-musllinux_1_2_x86_64.whl", hash = "sha256:512fec6815e2dd45161054592441ef76c830eddaad55c8aa30952e6fe1ed07c0"},
    {file = "uvloop-0.22.1-cp313-cp313-macosx_10_13_universal2.whl", hash = "sha256:561577354eb94200d75aca23fbde86ee11be36b00e52a4eaf8f50fb0c86b7705"},
    {file = "uvloop-0.22.1-cp313-cp313-macosx_10_13_x86_64.whl", hash = "sha256:1cdf5192ab3e674ca26da2eada35b288d2fa49fdd0f357a19f0e7c4e7d5077c8"},
    {file = "uvloop-0.22.1-cp313-cp313-manylinux2014_aarch64.manylinux_2_17_aarch64.manylinux_2_28_aarch64.whl", hash = "sha256:6e2ea3d6190a2968f4a14a23019d3b16870dd2190cd69c8180f7c632d21de68d"},
    {file = "uvloop-0.22.1-cp313-cp313-manylinux2014_x86_64.manylinux_2_17_x86_64.manylinux_2_28_x86_64.whl", hash = "sha256:0530a5fbad9c9e4ee3f2b33b148c6a64d47bbad8000ea63704fa8260f4cf728e"},
    {file = "uvloop-0.22.1-cp313-cp313-musllinux_1_2_aarch64.whl", hash = "sha256:bc5ef13bbc10b5335792360623cc378d52d7e62c2de64660616478c32cd0598e"},
    {file = "uvloop-0.22.1-cp313-cp313-musllinux_1_2_x86_64.whl", hash = "sha256:1f38ec5e3f18c8a10ded09742f7fb8de0108796eb673f30ce7762ce1b8550cad"},
    {file = "uvloop-0.22.1-cp314-cp314-macosx_10_13_universal2.whl", hash = "sha256:3879b88423ec7e97cd4eba2a443aa26ed4e59b45e6b76aabf13fe2f27023a142"},
    {file = "uvloop-0.22.1-cp314-cp314-macosx_10_13_x86_64.whl", hash = "sha256:4baa86acedf1d62115c1dc6ad1e17134476688f08c6efd8a2ab076e815665c74"},
    {file = "uvloop-0.22.1-cp314-cp314-manylinux2014_aarch64.manylinux_2_17_aarch64.manylinux_2_28_aarch64.whl", hash = "sha256:297c27d8003520596236bdb2335e6b3f649480bd09e00d1e3a99144b691d2a35"},
    {file = "uvloop-0.22.1-cp314-cp314-manylinux2014_x86_64.manylinux_2_17_x86_64.manylinux_2_28_x86_64.whl", hash = "sha256:c1955d5a1dd43198244d47664a5858082a3239766a839b2102a269aaff7a4e25"},
    {file = "uvloop-0.22.1-cp314-cp314-musllinux_1_2_aarch64.whl", hash = "sha256:b31dc2fccbd42adc73bc4e7cdbae4fc5086cf378979e53ca5d0301838c5682c6"},
    {file = "uvloop-0.22.1-cp314-cp314-musllinux_1_2_x86_64.whl", hash = "sha256:93f617675b2d03af4e72a5333ef89450dfaa5321303ede6e67ba9c9d26878079"},
    {file = "uvloop-0.22.1-cp314-cp314t-macosx_10_13_universal2.whl", hash = "sha256:37554f70528f60cad66945b885eb01f1bb514f132d92b6eeed1c90fd54ed6289"},
    {file = "uvloop-0.22.1-cp314-cp314t-macosx_10_13_x86_64.whl", hash = "sha256:b76324e2dc033a0b2f435f33eb88ff9913c156ef78e153fb210e03c13da746b3"},
    {file = "uvloop-0.22.1-cp314-cp314t-manylinux2014_aarch64.manylinux_2_17_aarch64.manylinux_2_28_aarch64.whl", hash = "sha256:badb4d8e58ee08dad957002027830d5c3b06aea446a6a3744483c2b3b745345c"},
    {file = "uvloop-0.22.1-cp314-cp314t-manylinux2014_x86_64.manylinux_2_17_x86_64.manylinux_2_28_x86_64.whl", hash = "sha256:b91328c72635f6f9e0282e4a57da7470c7350ab1c9f48546c0f2866205349d21"},
    {file = "uvloop-0.22.1-cp314-cp314t-musllinux_1_2_aarch64.whl", hash = "sha256:daf620c2995d193449393d6c62131b3fbd40a63bf7b307a1527856ace637fe88"},
    {file = "uvloop-0.22.1-cp314-cp314t-musllinux_1_2_x86_64.whl", hash = "sha256:6cde23eeda1a25c75b2e07d39970f3374105d5eafbaab2a4482be82f272d5a5e"},
    {file = "uvloop-0.22.1-cp38-cp38-macosx_10_9_universal2.whl", hash = "sha256:80eee091fe128e425177fbd82f8635769e2f32ec9daf6468286ec57ec0313efa"},
    {file = "uvloop-0.22.1-cp38-cp38-macosx_10_9_x86_64.whl", hash = "sha256:017bd46f9e7b78e81606329d07141d3da446f8798c6baeec124260e22c262772"},
    {file = "uvloop-0.22.1-cp38-cp38-manylinux2014_aarch64.manylinux_2_17_aarch64.manylinux_2_28_aarch64.whl", hash = "sha256:c3e5c6727a57cb6558592a95019e504f605d1c54eb86463ee9f7a2dbd411c820"},
    {file = "uvloop-0.22.1-cp38-cp38-manylinux2014_x86_64.manylinux_2_17_x86_64.manylinux_2_28_x86_64.whl", hash = "sha256:57df59d8b48feb0e613d9b1f5e57b7532e97cbaf0d61f7aa9aa32221e84bc4b6"},
    {file = "uvloop-0.22.1-cp38-cp38-musllinux_1_2_aarch64.whl", hash = "sha256:55502bc2c653ed2e9692e8c55cb95b397d33f9f2911e929dc97c4d6b26d04242"},
    {file = "uvloop-0.22.1-cp38-cp38-musllinux_1_2_x86_64.whl", hash = "sha256:4a968a72422a097b09042d5fa2c5c590251ad484acf910a651b4b620acd7f193"},
    {file = "uvloop-0.22.1-cp39-cp39-macosx_10_9_universal2.whl", hash = "sha256:b45649628d816c030dba3c80f8e2689bab1c89518ed10d426036cdc47874dfc4"},
    {file = "uvloop-0.22.1-cp39-cp39-macosx_10_9_x86_64.whl", hash = "sha256:ea721dd3203b809039fcc2983f14608dae82b212288b346e0bfe46ec2fab0b7c"},
    {file = "uvloop-0.22.1-cp39-cp39-manylinux2014_aarch64.manylinux_2_17_aarch64.manylinux_2_28_aarch64.whl", hash = "sha256:0ae676de143db2b2f60a9696d7eca5bb9d0dd6cc3ac3dad59a8ae7e95f9e1b54"},
    {file = "uvloop-0.22.1-cp39-cp39-manylinux2014_x86_64.manylinux_2_17_x86_64.manylinux_2_28_x86_64.whl", hash = "sha256:17d4e97258b0172dfa107b89aa1eeba3016f4b1974ce85ca3ef6a66b35cbf659"},
    {file = "uvloop-0.22.1-cp39-cp39-musllinux_1_2_aarch64.whl", hash = "sha256:05e4b5f86e621cf3927631789999e697e58f0d2d32675b67d9ca9eb0bca55743"},
    {file = "uvloop-0.22.1-cp39-cp39-musllinux_1_2_x86_64.whl", hash = "sha256:286322a90bea1f9422a470d5d2ad82d38080be0a29c4dd9b3e6384320a4d11e7"},
    {file = "uvloop-0.22.1.tar.gz", hash = "sha256:6c84bae345b9147082b17371e3dd5d42775bddce91f885499017f4607fdaf39f"},
]

[package.extras]
dev = ["Cython (>=3.0,<4.0)", "setuptools (>=60)"]
docs = ["Sphinx (>=4.1.2,<4.2.0)", "sphinx_rtd_theme (>=0.5.2,<0.6.0)", "sphinxcontrib-asyncio (>=0.3.0,<0.4.0)"]
test = ["aiohttp (>=3.10.5)", "flake8 (>=6.1,<7.0)", "mypy (>=0.800)", "psutil", "pyOpenSSL (>=25.3.0,<25.4.0)", "pycodestyle (>=2.11.0,<2.12.0)"]

[[package]]
name = "websockets"
version = "13.1"
description = "An implementation of the WebSocket Protocol (RFC 6455 & 7692)"
optional = false
python-versions = ">=3.8"
files = [
    {file = "websockets-13.1-cp310-cp310-macosx_10_9_universal2.whl", hash = "sha256:f48c749857f8fb598fb890a75f540e3221d0976ed0bf879cf3c7eef34151acee"},
    {file = "websockets-13.1-cp310-cp310-macosx_10_9_x86_64.whl", hash = "sha256:c7e72ce6bda6fb9409cc1e8164dd41d7c91466fb599eb047cfda72fe758a34a7"},
    {file = "websockets-13.1-cp310-cp310-macosx_11_0_arm64.whl", hash = "sha256:f779498eeec470295a2b1a5d97aa1bc9814ecd25e1eb637bd9d1c73a327387f6"},
    {file = "websockets-13.1-cp310-cp310-manylinux_2_17_aarch64.manylinux2014_aarch64.whl", hash = "sha256:4676df3fe46956fbb0437d8800cd5f2b6d41143b6e7e842e60554398432cf29b"},
    {file = "websockets-13.1-cp310-cp310-manylinux_2_5_i686.manylinux1_i686.manylinux_2_17_i686.manylinux2014_i686.whl", hash = "sha256:a7affedeb43a70351bb811dadf49493c9cfd1ed94c9c70095fd177e9cc1541fa"},
    {file = "websockets-13.1-cp310-cp310-manylinux_2_5_x86_64.manylinux1_x86_64.manylinux_2_17_x86_64.manylinux2014_x86_64.whl", hash = "sha256:1971e62d2caa443e57588e1d82d15f663b29ff9dfe7446d9964a4b6f12c1e700"},
    {file = "websockets-13.1-cp310-cp310-musllinux_1_2_aarch64.whl", hash = "sha256:5f2e75431f8dc4a47f31565a6e1355fb4f2ecaa99d6b89737527ea917066e26c"},
    {file = "websockets-13.1-cp310-cp310-musllinux_1_2_i686.whl", hash = "sha256:58cf7e75dbf7e566088b07e36ea2e3e2bd5676e22216e4cad108d4df4a7402a0"},
    {file = "websockets-13.1-cp310-cp310-musllinux_1_2_x86_64.whl", hash = "sha256:c90d6dec6be2c7d03378a574de87af9b1efea77d0c52a8301dd831ece938452f"},
    {file = "websockets-13.1-cp310-cp310-win32.whl", hash = "sha256:730f42125ccb14602f455155084f978bd9e8e57e89b569b4d7f0f0c17a448ffe"},
    {file = "websockets-13.1-cp310-cp310-win_amd64.whl", hash = "sha256:5993260f483d05a9737073be197371940c01b257cc45ae3f1d5d7adb371b266a"},
    {file = "websockets-13.1-cp311-cp311-macosx_10_9_universal2.whl", hash = "sha256:61fc0dfcda609cda0fc9fe7977694c0c59cf9d749fbb17f4e9483929e3c48a19"},
    {file = "websockets-13.1-cp311-cp311-macosx_10_9_x86_64.whl", hash = "sha256:ceec59f59d092c5007e815def4ebb80c2de330e9588e101cf8bd94c143ec78a5"},
    {file = "websockets-13.1-cp311-cp311-macosx_11_0_arm64.whl", hash = "sha256:c1dca61c6db1166c48b95198c0b7d9c990b30c756fc2923cc66f68d17dc558fd"},
    {file = "websockets-13.1-cp311-cp311-manylinux_2_17_aarch64.manylinux2014_aarch64.whl", hash = "sha256:308e20f22c2c77f3f39caca508e765f8725020b84aa963474e18c59accbf4c02"},
    {file = "websockets-13.1-cp311-cp311-manylinux_2_5_i686.manylinux1_i686.manylinux_2_17_i686.manylinux2014_i686.whl", hash = "sha256:62d516c325e6540e8a57b94abefc3459d7dab8ce52ac75c96cad5549e187e3a7"},
    {file = "websockets-13.1-cp311-cp311-manylinux_2_5_x86_64.manylinux1_x86_64.manylinux_2_17_x86_64.manylinux2014_x86_64.whl", hash = "sha256:87c6e35319b46b99e168eb98472d6c7d8634ee37750d7693656dc766395df096"},
    {file = "websockets-13.1-cp311-cp311-musllinux_1_2_aarch64.whl", hash = "sha256:5f9fee94ebafbc3117c30be1844ed01a3b177bb6e39088bc6b2fa1dc15572084"},
    {file = "websockets-13.1-cp311-cp311-musllinux_1_2_i686.whl", hash = "sha256:7c1e90228c2f5cdde263253fa5db63e6653f1c00e7ec64108065a0b9713fa1b3"},
    {file = "websockets-13.1-cp311-cp311-musllinux_1_2_x86_64.whl", hash = "sha256:6548f29b0e401eea2b967b2fdc1c7c7b5ebb3eeb470ed23a54cd45ef078a0db9"},
    {file = "websockets-13.1-cp311-cp311-win32.whl", hash = "sha256:c11d4d16e133f6df8916cc5b7e3e96ee4c44c936717d684a94f48f82edb7c92f"},
    {file = "websockets-13.1-cp311-cp311-win_amd64.whl", hash = "sha256:d04f13a1d75cb2b8382bdc16ae6fa58c97337253826dfe136195b7f89f661557"},
    {file = "websockets-13.1-cp312-cp312-macosx_10_9_universal2.whl", hash = "sha256:9d75baf00138f80b48f1eac72ad1535aac0b6461265a0bcad391fc5aba875cfc"},
    {file = "websockets-13.1-cp312-cp312-macosx_10_9_x86_64.whl", hash = "sha256:9b6f347deb3dcfbfde1c20baa21c2ac0751afaa73e64e5b693bb2b848efeaa49"},
    {file = "websockets-13.1-cp312-cp312-macosx_11_0_arm64.whl", hash = "sha256:de58647e3f9c42f13f90ac7e5f58900c80a39019848c5547bc691693098ae1bd"},
    {file = "websockets-13.1-cp312-cp312-manylinux_2_17_aarch64.manylinux2014_aarch64.whl", hash = "sha256:a1b54689e38d1279a51d11e3467dd2f3a50f5f2e879012ce8f2d6943f00e83f0"},
    {file = "websockets-13.1-cp312-cp312-manylinux_2_5_i686.manylinux1_i686.manylinux_2_17_i686.manylinux2014_i686.whl", hash = "sha256:cf1781ef73c073e6b0f90af841aaf98501f975d306bbf6221683dd594ccc52b6"},
    {file = "websockets-13.1-cp312-cp312-manylinux_2_5_x86_64.manylinux1_x86_64.manylinux_2_17_x86_64.manylinux2014_x86_64.whl", hash = "sha256:8d23b88b9388ed85c6faf0e74d8dec4f4d3baf3ecf20a65a47b836d56260d4b9"},
    {file = "websockets-13.1-cp312-cp312-musllinux_1_2_aarch64.whl", hash = "sha256:3c78383585f47ccb0fcf186dcb8a43f5438bd7d8f47d69e0b56f71bf431a0a68"},
    {file = "websockets-13.1-cp312-cp312-musllinux_1_2_i686.whl", hash = "sha256:d6d300f8ec35c24025ceb9b9019ae9040c1ab2f01cddc2bcc0b518af31c75c14"},
    {file = "websockets-13.1-cp312-cp312-musllinux_1_2_x86_64.whl", hash = "sha256:a9dcaf8b0cc72a392760bb8755922c03e17a5a54e08cca58e8b74f6902b433cf"},
    {file = "websockets-13.1-cp312-cp312-win32.whl", hash = "sha256:2f85cf4f2a1ba8f602298a853cec8526c2ca42a9a4b947ec236eaedb8f2dc80c"},
    {file = "websockets-13.1-cp312-cp312-win_amd64.whl", hash = "sha256:38377f8b0cdeee97c552d20cf1865695fcd56aba155ad1b4ca8779a5b6ef4ac3"},
    {file = "websockets-13.1-cp313-cp313-macosx_10_13_universal2.whl", hash = "sha256:a9ab1e71d3d2e54a0aa646ab6d4eebfaa5f416fe78dfe4da2839525dc5d765c6"},
    {file = "websockets-13.1-cp313-cp313-macosx_10_13_x86_64.whl", hash = "sha256:b9d7439d7fab4dce00570bb906875734df13d9faa4b48e261c440a5fec6d9708"},
    {file = "websockets-13.1-cp313-cp313-macosx_11_0_arm64.whl", hash = "sha256:327b74e915cf13c5931334c61e1a41040e365d380f812513a255aa804b183418"},
    {file = "websockets-13.1-cp313-cp313-manylinux_2_17_aarch64.manylinux2014_aarch64.whl", hash = "sha256:325b1ccdbf5e5725fdcb1b0e9ad4d2545056479d0eee392c291c1bf76206435a"},
    {file = "websockets-13.1-cp313-cp313-manylinux_2_5_i686.manylinux1_i686.manylinux_2_17_i686.manylinux2014_i686.whl", hash = "sha256:346bee67a65f189e0e33f520f253d5147ab76ae42493804319b5716e46dddf0f"},
    {file = "websockets-13.1-cp313-cp313-manylinux_2_5_x86_64.manylinux1_x86_64.manylinux_2_17_x86_64.manylinux2014_x86_64.whl", hash = "sha256:91a0fa841646320ec0d3accdff5b757b06e2e5c86ba32af2e0815c96c7a603c5"},
    {file = "websockets-13.1-cp313-cp313-musllinux_1_2_aarch64.whl", hash = "sha256:18503d2c5f3943e93819238bf20df71982d193f73dcecd26c94514f417f6b135"},
    {file = "websockets-13.1-cp313-cp313-musllinux_1_2_i686.whl", hash = "sha256:a9cd1af7e18e5221d2878378fbc287a14cd527fdd5939ed56a18df8a31136bb2"},
    {file = "websockets-13.1-cp313-cp313-musllinux_1_2_x86_64.whl", hash = "sha256:70c5be9f416aa72aab7a2a76c90ae0a4fe2755c1816c153c1a2bcc3333ce4ce6"},
    {file = "websockets-13.1-cp313-cp313-win32.whl", hash = "sha256:624459daabeb310d3815b276c1adef475b3e6804abaf2d9d2c061c319f7f187d"},
    {file = "websockets-13.1-cp313-cp313-win_amd64.whl", hash = "sha256:c518e84bb59c2baae725accd355c8dc517b4a3ed8db88b4bc93c78dae2974bf2"},
    {file = "websockets-13.1-cp38-cp38-macosx_10_9_universal2.whl", hash = "sha256:c7934fd0e920e70468e676fe7f1b7261c1efa0d6c037c6722278ca0228ad9d0d"},
    {file = "websockets-13.1-cp38-cp38-macosx_10_9_x86_64.whl", hash = "sha256:149e622dc48c10ccc3d2760e5f36753db9cacf3ad7bc7bbbfd7d9c819e286f23"},
    {file = "websockets-13.1-cp38-cp38-macosx_11_0_arm64.whl", hash = "sha256:a569eb1b05d72f9bce2ebd28a1ce2054311b66677fcd46cf36204ad23acead8c"},
    {file = "websockets-13.1-cp38-cp38-manylinux_2_17_aarch64.manylinux2014_aarch64.whl", hash = "sha256:95df24ca1e1bd93bbca51d94dd049a984609687cb2fb08a7f2c56ac84e9816ea"},
    {file = "websockets-13.1-cp38-cp38-manylinux_2_5_i686.manylinux1_i686.manylinux_2_17_i686.manylinux2014_i686.whl", hash = "sha256:d8dbb1bf0c0a4ae8b40bdc9be7f644e2f3fb4e8a9aca7145bfa510d4a374eeb7"},
    {file = "websockets-13.1-cp38-cp38-manylinux_2_5_x86_64.manylinux1_x86_64.manylinux_2_17_x86_64.manylinux2014_x86_64.whl", hash = "sha256:035233b7531fb92a76beefcbf479504db8c72eb3bff41da55aecce3a0f729e54"},
    {file = "websockets-13.1-cp38-cp38-musllinux_1_2_aarch64.whl", hash = "sha256:e4450fc83a3df53dec45922b576e91e94f5578d06436871dce3a6be38e40f5db"},
    {file = "websockets-13.1-cp38-cp38-musllinux_1_2_i686.whl", hash = "sha256:463e1c6ec853202dd3657f156123d6b4dad0c546ea2e2e38be2b3f7c5b8e7295"},
    {file = "websockets-13.1-cp38-cp38-musllinux_1_2_x86_64.whl", hash = "sha256:6d6855bbe70119872c05107e38fbc7f96b1d8cb047d95c2c50869a46c65a8e96"},
    {file = "websockets-13.1-cp38-cp38-win32.whl", hash = "sha256:204e5107f43095012b00f1451374693267adbb832d29966a01ecc4ce1db26faf"},
    {file = "websockets-13.1-cp38-cp38-win_amd64.whl", hash = "sha256:485307243237328c022bc908b90e4457d0daa8b5cf4b3723fd3c4a8012fce4c6"},
    {file = "websockets-13.1-cp39-cp39-macosx_10_9_universal2.whl", hash = "sha256:9b37c184f8b976f0c0a231a5f3d6efe10807d41ccbe4488df8c74174805eea7d"},
    {file = "websockets-13.1-cp39-cp39-macosx_10_9_x86_64.whl", hash = "sha256:163e7277e1a0bd9fb3c8842a71661ad19c6aa7bb3d6678dc7f89b17fbcc4aeb7"},
    {file = "websockets-13.1-cp39-cp39-macosx_11_0_arm64.whl", hash = "sha256:4b889dbd1342820cc210ba44307cf75ae5f2f96226c0038094455a96e64fb07a"},
    {file = "websockets-13.1-cp39-cp39-manylinux_2_17_aarch64.manylinux2014_aarch64.whl", hash = "sha256:586a356928692c1fed0eca68b4d1c2cbbd1ca2acf2ac7e7ebd3b9052582deefa"},
    {file = "websockets-13.1-cp39-cp39-manylinux_2_5_i686.manylinux1_i686.manylinux_2_17_i686.manylinux2014_i686.whl", hash = "sha256:7bd6abf1e070a6b72bfeb71049d6ad286852e285f146682bf30d0296f5fbadfa"},
    {file = "websockets-13.1-cp39-cp39-manylinux_2_5_x86_64.manylinux1_x86_64.manylinux_2_17_x86_64.manylinux2014_x86_64.whl", hash = "sha256:6d2aad13a200e5934f5a6767492fb07151e1de1d6079c003ab31e1823733ae79"},
    {file = "websockets-13.1-cp39-cp39-musllinux_1_2_aarch64.whl", hash = "sha256:df01aea34b6e9e33572c35cd16bae5a47785e7d5c8cb2b54b2acdb9678315a17"},
    {file = "websockets-13.1-cp39-cp39-musllinux_1_2_i686.whl", hash = "sha256:e54affdeb21026329fb0744ad187cf812f7d3c2aa702a5edb562b325191fcab6"},
    {file = "websockets-13.1-cp39-cp39-musllinux_1_2_x86_64.whl", hash = "sha256:9ef8aa8bdbac47f4968a5d66462a2a0935d044bf35c0e5a8af152d58516dbeb5"},
    {file = "websockets-13.1-cp39-cp39-win32.whl", hash = "sha256:deeb929efe52bed518f6eb2ddc00cc496366a14c726005726ad62c2dd9017a3c"},
    {file = "websockets-13.1-cp39-cp39-win_amd64.whl", hash = "sha256:7c65ffa900e7cc958cd088b9a9157a8141c991f8c53d11087e6fb7277a03f81d"},
    {file = "websockets-13.1-pp310-pypy310_pp73-macosx_10_15_x86_64.whl", hash = "sha256:5dd6da9bec02735931fccec99d97c29f47cc61f644264eb995ad6c0c27667238"},
    {file = "websockets-13.1-pp310-pypy310_pp73-macosx_11_0_arm64.whl", hash = "sha256:2510c09d8e8df777177ee3d40cd35450dc169a81e747455cc4197e63f7e7bfe5"},
    {file = "websockets-13.1-pp310-pypy310_pp73-manylinux_2_17_aarch64.manylinux2014_aarch64.whl", hash = "sha256:f1c3cf67185543730888b20682fb186fc8d0fa6f07ccc3ef4390831ab4b388d9"},
    {file = "websockets-13.1-pp310-pypy310_pp73-manylinux_2_5_i686.manylinux1_i686.manylinux_2_17_i686.manylinux2014_i686.whl", hash = "sha256:bcc03c8b72267e97b49149e4863d57c2d77f13fae12066622dc78fe322490fe6"},
    {file = "websockets-13.1-pp310-pypy310_pp73-manylinux_2_5_x86_64.manylinux1_x86_64.manylinux_2_17_x86_64.manylinux2014_x86_64.whl", hash = "sha256:004280a140f220c812e65f36944a9ca92d766b6cc4560be652a0a3883a79ed8a"},
    {file = "websockets-13.1-pp310-pypy310_pp73-win_amd64.whl", hash = "sha256:e2620453c075abeb0daa949a292e19f56de518988e079c36478bacf9546ced23"},
    {file = "websockets-13.1-pp38-pypy38_pp73-macosx_10_9_x86_64.whl", hash = "sha256:9156c45750b37337f7b0b00e6248991a047be4aa44554c9886fe6bdd605aab3b"},
    {file = "websockets-13.1-pp38-pypy38_pp73-macosx_11_0_arm64.whl", hash = "sha256:80c421e07973a89fbdd93e6f2003c17d20b69010458d3a8e37fb47874bd67d51"},
    {file = "websockets-13.1-pp38-pypy38_pp73-manylinux_2_17_aarch64.manylinux2014_aarch64.whl", hash = "sha256:82d0ba76371769d6a4e56f7e83bb8e81846d17a6190971e38b5de108bde9b0d7"},
    {file = "websockets-13.1-pp38-pypy38_pp73-manylinux_2_5_i686.manylinux1_i686.manylinux_2_17_i686.manylinux2014_i686.whl", hash = "sha256:e9875a0143f07d74dc5e1ded1c4581f0d9f7ab86c78994e2ed9e95050073c94d"},
    {file = "websockets-13.1-pp38-pypy38_pp73-manylinux_2_5_x86_64.manylinux1_x86_64.manylinux_2_17_x86_64.manylinux2014_x86_64.whl", hash = "sha256:a11e38ad8922c7961447f35c7b17bffa15de4d17c70abd07bfbe12d6faa3e027"},
    {file = "websockets-13.1-pp38-pypy38_pp73-win_amd64.whl", hash = "sha256:4059f790b6ae8768471cddb65d3c4fe4792b0ab48e154c9f0a04cefaabcd5978"},
    {file = "websockets-13.1-pp39-pypy39_pp73-macosx_10_15_x86_64.whl", hash = "sha256:25c35bf84bf7c7369d247f0b8cfa157f989862c49104c5cf85cb5436a641d93e"},
    {file = "websockets-13.1-pp39-pypy39_pp73-macosx_11_0_arm64.whl", hash = "sha256:83f91d8a9bb404b8c2c41a707ac7f7f75b9442a0a876df295de27251a856ad09"},
    {file = "websockets-13.1-pp39-pypy39_pp73-manylinux_2_17_aarch64.manylinux2014_aarch64.whl", hash = "sha256:7a43cfdcddd07f4ca2b1afb459824dd3c6d53a51410636a2c7fc97b9a8cf4842"},
    {file = "websockets-13.1-pp39-pypy39_pp73-manylinux_2_5_i686.manylinux1_i686.manylinux_2_17_i686.manylinux2014_i686.whl", hash = "sha256:48a2ef1381632a2f0cb4efeff34efa97901c9fbc118e01951ad7cfc10601a9bb"},
    {file = "websockets-13.1-pp39-pypy39_pp73-manylinux_2_5_x86_64.manylinux1_x86_64.manylinux_2_17_x86_64.manylinux2014_x86_64.whl", hash = "sha256:459bf774c754c35dbb487360b12c5727adab887f1622b8aed5755880a21c4a20"},
    {file = "websockets-13.1-pp39-pypy39_pp73-win_amd64.whl", hash = "sha256:95858ca14a9f6fa8413d29e0a585b31b278388aa775b8a81fa24830123874678"},
    {file = "websockets-13.1-py3-none-any.whl", hash = "sha256:a9a396a6ad26130cdae92ae10c36af09d9bfe6cafe69670fd3b6da9b07b4044f"},
    {file = "websockets-13.1.tar.gz", hash = "sha256:a3b3366087c1bc0a2795111edcadddb8b3b59509d5db5d7ea3fdd69f954a8878"},
]

[metadata]
lock-version = "2.0"
python-versions = "^3.11"
content-hash = "3c47103663daeb190f7f377a6e082e7536834438292ec9dff8f44ded40419dd8"
